
Microsoft Visual Studio Solution File, Format Version 12.00
# Visual Studio Version 16
VisualStudioVersion = 16.0.30907.101
MinimumVisualStudioVersion = 10.0.40219.1
Project("{FAE04EC0-301F-11D3-BF4B-00C04F79EFBC}") = "GDSync", "GDSync\GDSync.csproj", "{BD75C29E-0E0F-4463-8218-0DC93E8B4C84}"
EndProject
Project("{FAE04EC0-301F-11D3-BF4B-00C04F79EFBC}") = "GDSyncGUI", "GDSyncGUI\GDSyncGUI.csproj", "{3E4D8E6B-EEAD-4FCA-A353-BE056AEF8514}"
EndProject
Global
	GlobalSection(SolutionConfigurationPlatforms) = preSolution
		Debug|Any CPU = Debug|Any CPU
		Release|Any CPU = Release|Any CPU
	EndGlobalSection
	GlobalSection(ProjectConfigurationPlatforms) = postSolution
		{BD75C29E-0E0F-4463-8218-0DC93E8B4C84}.Debug|Any CPU.ActiveCfg = Debug|Any CPU
		{BD75C29E-0E0F-4463-8218-0DC93E8B4C84}.Debug|Any CPU.Build.0 = Debug|Any CPU
		{BD75C29E-0E0F-4463-8218-0DC93E8B4C84}.Release|Any CPU.ActiveCfg = Release|Any CPU
		{BD75C29E-0E0F-4463-8218-0DC93E8B4C84}.Release|Any CPU.Build.0 = Release|Any CPU
		{3E4D8E6B-EEAD-4FCA-A353-BE056AEF8514}.Debug|Any CPU.ActiveCfg = Debug|Any CPU
		{3E4D8E6B-EEAD-4FCA-A353-BE056AEF8514}.Debug|Any CPU.Build.0 = Debug|Any CPU
		{3E4D8E6B-EEAD-4FCA-A353-BE056AEF8514}.Release|Any CPU.ActiveCfg = Release|Any CPU
		{3E4D8E6B-EEAD-4FCA-A353-BE056AEF8514}.Release|Any CPU.Build.0 = Release|Any CPU
	EndGlobalSection
	GlobalSection(SolutionProperties) = preSolution
		HideSolutionNode = FALSE
	EndGlobalSection
	GlobalSection(ExtensibilityGlobals) = postSolution
		SolutionGuid = {355238CE-FC95-4A13-BE4D-B2196FE199FA}
	EndGlobalSection
EndGlobal
